
Microsoft Visual Studio Solution File, Format Version 12.00
# Visual Studio Version 16
VisualStudioVersion = 16.0.32002.261
MinimumVisualStudioVersion = 10.0.40219.1
Project("{8BC9CEB8-8B4A-11D0-8D11-00A0C91BC942}") = "EXR_Utils", "EXR_Utils\EXR_Utils.vcxproj", "{0218C619-E2C9-4D3B-81F5-8E46DBD6567F}"
EndProject
Global
	GlobalSection(SolutionConfigurationPlatforms) = preSolution
		Debug|x64 = Debug|x64
		Debug|x86 = Debug|x86
		Release|x64 = Release|x64
		Release|x86 = Release|x86
	EndGlobalSection
	GlobalSection(ProjectConfigurationPlatforms) = postSolution
		{0218C619-E2C9-4D3B-81F5-8E46DBD6567F}.Debug|x64.ActiveCfg = Debug|x64
		{0218C619-E2C9-4D3B-81F5-8E46DBD6567F}.Debug|x64.Build.0 = Debug|x64
		{0218C619-E2C9-4D3B-81F5-8E46DBD6567F}.Debug|x86.ActiveCfg = Debug|Win32
		{0218C619-E2C9-4D3B-81F5-8E46DBD6567F}.Debug|x86.Build.0 = Debug|Win32
		{0218C619-E2C9-4D3B-81F5-8E46DBD6567F}.Release|x64.ActiveCfg = Release|x64
		{0218C619-E2C9-4D3B-81F5-8E46DBD6567F}.Release|x64.Build.0 = Release|x64
		{0218C619-E2C9-4D3B-81F5-8E46DBD6567F}.Release|x86.ActiveCfg = Release|Win32
		{0218C619-E2C9-4D3B-81F5-8E46DBD6567F}.Release|x86.Build.0 = Release|Win32
	EndGlobalSection
	GlobalSection(SolutionProperties) = preSolution
		HideSolutionNode = FALSE
	EndGlobalSection
	GlobalSection(ExtensibilityGlobals) = postSolution
		SolutionGuid = {02889925-1DD9-4EE2-8D6C-0291D418571D}
	EndGlobalSection
EndGlobal
